
Microsoft Visual Studio Solution File, Format Version 12.00
# Visual Studio Version 17
VisualStudioVersion = 17.6.33829.357
MinimumVisualStudioVersion = 10.0.40219.1
Project("{9A19103F-16F7-4668-BE54-9A1E7A4F7556}") = "TheHiveAzure", "TheHiveAzure.csproj", "{058AA18F-9CFC-4E11-96C0-2EB2227C1699}"
EndProject
Global
	GlobalSection(SolutionConfigurationPlatforms) = preSolution
		Debug|Any CPU = Debug|Any CPU
		Release|Any CPU = Release|Any CPU
	EndGlobalSection
	GlobalSection(ProjectConfigurationPlatforms) = postSolution
		{058AA18F-9CFC-4E11-96C0-2EB2227C1699}.Debug|Any CPU.ActiveCfg = Debug|Any CPU
		{058AA18F-9CFC-4E11-96C0-2EB2227C1699}.Debug|Any CPU.Build.0 = Debug|Any CPU
		{058AA18F-9CFC-4E11-96C0-2EB2227C1699}.Release|Any CPU.ActiveCfg = Release|Any CPU
		{058AA18F-9CFC-4E11-96C0-2EB2227C1699}.Release|Any CPU.Build.0 = Release|Any CPU
	EndGlobalSection
	GlobalSection(SolutionProperties) = preSolution
		HideSolutionNode = FALSE
	EndGlobalSection
	GlobalSection(ExtensibilityGlobals) = postSolution
		SolutionGuid = {4276521B-E1A0-4EE5-8C91-B00A6877252C}
	EndGlobalSection
EndGlobal
